
Microsoft Visual Studio Solution File, Format Version 12.00
# Visual Studio Version 17
VisualStudioVersion = 17.9.34728.123
MinimumVisualStudioVersion = 10.0.40219.1
Project("{FAE04EC0-301F-11D3-BF4B-00C04F79EFBC}") = "_40_Phong_KTPM_BTL_TT", "_40_Phong_KTPM_BTL_TT\_40_Phong_KTPM_BTL_TT.csproj", "{1503CBC7-32AC-4458-A90C-4DEE563B5807}"
EndProject
Project("{FAE04EC0-301F-11D3-BF4B-00C04F79EFBC}") = "_40_Phong_KTPM_BTL_UTTC", "_40_Phong_KTPM_BTL_UTTC\_40_Phong_KTPM_BTL_UTTC.csproj", "{71013D5C-0796-4B6A-B117-D67F96A67FA5}"
EndProject
Global
	GlobalSection(SolutionConfigurationPlatforms) = preSolution
		Debug|Any CPU = Debug|Any CPU
		Release|Any CPU = Release|Any CPU
	EndGlobalSection
	GlobalSection(ProjectConfigurationPlatforms) = postSolution
		{1503CBC7-32AC-4458-A90C-4DEE563B5807}.Debug|Any CPU.ActiveCfg = Debug|Any CPU
		{1503CBC7-32AC-4458-A90C-4DEE563B5807}.Debug|Any CPU.Build.0 = Debug|Any CPU
		{1503CBC7-32AC-4458-A90C-4DEE563B5807}.Release|Any CPU.ActiveCfg = Release|Any CPU
		{1503CBC7-32AC-4458-A90C-4DEE563B5807}.Release|Any CPU.Build.0 = Release|Any CPU
		{71013D5C-0796-4B6A-B117-D67F96A67FA5}.Debug|Any CPU.ActiveCfg = Debug|Any CPU
		{71013D5C-0796-4B6A-B117-D67F96A67FA5}.Debug|Any CPU.Build.0 = Debug|Any CPU
		{71013D5C-0796-4B6A-B117-D67F96A67FA5}.Release|Any CPU.ActiveCfg = Release|Any CPU
		{71013D5C-0796-4B6A-B117-D67F96A67FA5}.Release|Any CPU.Build.0 = Release|Any CPU
	EndGlobalSection
	GlobalSection(SolutionProperties) = preSolution
		HideSolutionNode = FALSE
	EndGlobalSection
	GlobalSection(ExtensibilityGlobals) = postSolution
		SolutionGuid = {765117AF-080F-47E0-AC94-87B8EFFB5FC3}
	EndGlobalSection
EndGlobal
